// !$*UTF8*$!
{
	archiveVersion = 1;
	classes = {
	};
	objectVersion = 50;
	objects = {

/* Begin PBXBuildFile section */
		49DA890C269EEA050011F9BA /* AppDelegate.swift in Sources */ = {isa = PBXBuildFile; fileRef = 49DA890B269EEA050011F9BA /* AppDelegate.swift */; };
		49DA890E269EEA050011F9BA /* SceneDelegate.swift in Sources */ = {isa = PBXBuildFile; fileRef = 49DA890D269EEA050011F9BA /* SceneDelegate.swift */; };
		49DA8910269EEA050011F9BA /* DetailViewController.swift in Sources */ = {isa = PBXBuildFile; fileRef = 49DA890F269EEA050011F9BA /* DetailViewController.swift */; };
		49DA8913269EEA050011F9BA /* Main.storyboard in Resources */ = {isa = PBXBuildFile; fileRef = 49DA8911269EEA050011F9BA /* Main.storyboard */; };
		49DA8915269EEA090011F9BA /* Assets.xcassets in Resources */ = {isa = PBXBuildFile; fileRef = 49DA8914269EEA090011F9BA /* Assets.xcassets */; };
		49DA8918269EEA090011F9BA /* LaunchScreen.storyboard in Resources */ = {isa = PBXBuildFile; fileRef = 49DA8916269EEA090011F9BA /* LaunchScreen.storyboard */; };
		49DA8923269EEA090011F9BA /* PhoenixProfiles_StarterTests.swift in Sources */ = {isa = PBXBuildFile; fileRef = 49DA8922269EEA090011F9BA /* PhoenixProfiles_StarterTests.swift */; };
		49DA892E269EEA090011F9BA /* PhoenixProfiles_StarterUITests.swift in Sources */ = {isa = PBXBuildFile; fileRef = 49DA892D269EEA090011F9BA /* PhoenixProfiles_StarterUITests.swift */; };
		49DA8947269EEA8A0011F9BA /* Student.swift in Sources */ = {isa = PBXBuildFile; fileRef = 49DA8945269EEA8A0011F9BA /* Student.swift */; };
		49DA8948269EEA8A0011F9BA /* StudentData.swift in Sources */ = {isa = PBXBuildFile; fileRef = 49DA8946269EEA8A0011F9BA /* StudentData.swift */; };
		49DA894D269EEB1E0011F9BA /* ProfilesTableViewController.swift in Sources */ = {isa = PBXBuildFile; fileRef = 49DA894C269EEB1E0011F9BA /* ProfilesTableViewController.swift */; };
/* End PBXBuildFile section */

/* Begin PBXContainerItemProxy section */
		49DA891F269EEA090011F9BA /* PBXContainerItemProxy */ = {
			isa = PBXContainerItemProxy;
			containerPortal = 49DA8900269EEA050011F9BA /* Project object */;
			proxyType = 1;
			remoteGlobalIDString = 49DA8907269EEA050011F9BA;
			remoteInfo = "PhoenixProfiles-Starter";
		};
		49DA892A269EEA090011F9BA /* PBXContainerItemProxy */ = {
			isa = PBXContainerItemProxy;
			containerPortal = 49DA8900269EEA050011F9BA /* Project object */;
			proxyType = 1;
			remoteGlobalIDString = 49DA8907269EEA050011F9BA;
			remoteInfo = "PhoenixProfiles-Starter";
		};
/* End PBXContainerItemProxy section */

/* Begin PBXFileReference section */
		49DA8908269EEA050011F9BA /* PhoenixProfiles-Starter.app */ = {isa = PBXFileReference; explicitFileType = wrapper.application; includeInIndex = 0; path = "PhoenixProfiles-Starter.app"; sourceTree = BUILT_PRODUCTS_DIR; };
		49DA890B269EEA050011F9BA /* AppDelegate.swift */ = {isa = PBXFileReference; lastKnownFileType = sourcecode.swift; path = AppDelegate.swift; sourceTree = "<group>"; };
		49DA890D269EEA050011F9BA /* SceneDelegate.swift */ = {isa = PBXFileReference; lastKnownFileType = sourcecode.swift; path = SceneDelegate.swift; sourceTree = "<group>"; };
		49DA890F269EEA050011F9BA /* DetailViewController.swift */ = {isa = PBXFileReference; lastKnownFileType = sourcecode.swift; path = DetailViewController.swift; sourceTree = "<group>"; };
		49DA8912269EEA050011F9BA /* Base */ = {isa = PBXFileReference; lastKnownFileType = file.storyboard; name = Base; path = Base.lproj/Main.storyboard; sourceTree = "<group>"; };
		49DA8914269EEA090011F9BA /* Assets.xcassets */ = {isa = PBXFileReference; lastKnownFileType = folder.assetcatalog; path = Assets.xcassets; sourceTree = "<group>"; };
		49DA8917269EEA090011F9BA /* Base */ = {isa = PBXFileReference; lastKnownFileType = file.storyboard; name = Base; path = Base.lproj/LaunchScreen.storyboard; sourceTree = "<group>"; };
		49DA8919269EEA090011F9BA /* Info.plist */ = {isa = PBXFileReference; lastKnownFileType = text.plist.xml; path = Info.plist; sourceTree = "<group>"; };
		49DA891E269EEA090011F9BA /* PhoenixProfiles-StarterTests.xctest */ = {isa = PBXFileReference; explicitFileType = wrapper.cfbundle; includeInIndex = 0; path = "PhoenixProfiles-StarterTests.xctest"; sourceTree = BUILT_PRODUCTS_DIR; };
		49DA8922269EEA090011F9BA /* PhoenixProfiles_StarterTests.swift */ = {isa = PBXFileReference; lastKnownFileType = sourcecode.swift; path = PhoenixProfiles_StarterTests.swift; sourceTree = "<group>"; };
		49DA8924269EEA090011F9BA /* Info.plist */ = {isa = PBXFileReference; lastKnownFileType = text.plist.xml; path = Info.plist; sourceTree = "<group>"; };
		49DA8929269EEA090011F9BA /* PhoenixProfiles-StarterUITests.xctest */ = {isa = PBXFileReference; explicitFileType = wrapper.cfbundle; includeInIndex = 0; path = "PhoenixProfiles-StarterUITests.xctest"; sourceTree = BUILT_PRODUCTS_DIR; };
		49DA892D269EEA090011F9BA /* PhoenixProfiles_StarterUITests.swift */ = {isa = PBXFileReference; lastKnownFileType = sourcecode.swift; path = PhoenixProfiles_StarterUITests.swift; sourceTree = "<group>"; };
		49DA892F269EEA090011F9BA /* Info.plist */ = {isa = PBXFileReference; lastKnownFileType = text.plist.xml; path = Info.plist; sourceTree = "<group>"; };
		49DA8945269EEA8A0011F9BA /* Student.swift */ = {isa = PBXFileReference; fileEncoding = 4; lastKnownFileType = sourcecode.swift; path = Student.swift; sourceTree = "<group>"; };
		49DA8946269EEA8A0011F9BA /* StudentData.swift */ = {isa = PBXFileReference; fileEncoding = 4; lastKnownFileType = sourcecode.swift; path = StudentData.swift; sourceTree = "<group>"; };
		49DA894C269EEB1E0011F9BA /* ProfilesTableViewController.swift */ = {isa = PBXFileReference; fileEncoding = 4; lastKnownFileType = sourcecode.swift; path = ProfilesTableViewController.swift; sourceTree = "<group>"; };
/* End PBXFileReference section */

/* Begin PBXFrameworksBuildPhase section */
		49DA8905269EEA050011F9BA /* Frameworks */ = {
			isa = PBXFrameworksBuildPhase;
			buildActionMask = 2147483647;
			files = (
			);
			runOnlyForDeploymentPostprocessing = 0;
		};
		49DA891B269EEA090011F9BA /* Frameworks */ = {
			isa = PBXFrameworksBuildPhase;
			buildActionMask = 2147483647;
			files = (
			);
			runOnlyForDeploymentPostprocessing = 0;
		};
		49DA8926269EEA090011F9BA /* Frameworks */ = {
			isa = PBXFrameworksBuildPhase;
			buildActionMask = 2147483647;
			files = (
			);
			runOnlyForDeploymentPostprocessing = 0;
		};
/* End PBXFrameworksBuildPhase section */

/* Begin PBXGroup section */
		49DA88FF269EEA050011F9BA = {
			isa = PBXGroup;
			children = (
				49DA890A269EEA050011F9BA /* PhoenixProfiles-Starter */,
				49DA8921269EEA090011F9BA /* PhoenixProfiles-StarterTests */,
				49DA892C269EEA090011F9BA /* PhoenixProfiles-StarterUITests */,
				49DA8909269EEA050011F9BA /* Products */,
			);
			sourceTree = "<group>";
		};
		49DA8909269EEA050011F9BA /* Products */ = {
			isa = PBXGroup;
			children = (
				49DA8908269EEA050011F9BA /* PhoenixProfiles-Starter.app */,
				49DA891E269EEA090011F9BA /* PhoenixProfiles-StarterTests.xctest */,
				49DA8929269EEA090011F9BA /* PhoenixProfiles-StarterUITests.xctest */,
			);
			name = Products;
			sourceTree = "<group>";
		};
		49DA890A269EEA050011F9BA /* PhoenixProfiles-Starter */ = {
			isa = PBXGroup;
			children = (
				49DA8944269EEA750011F9BA /* Models */,
				49DA893E269EEA550011F9BA /* Supporting files */,
				49DA893F269EEA620011F9BA /* Controllers */,
				49DA8943269EEA6B0011F9BA /* VIews */,
				49DA8919269EEA090011F9BA /* Info.plist */,
			);
			path = "PhoenixProfiles-Starter";
			sourceTree = "<group>";
		};
		49DA8921269EEA090011F9BA /* PhoenixProfiles-StarterTests */ = {
			isa = PBXGroup;
			children = (
				49DA8922269EEA090011F9BA /* PhoenixProfiles_StarterTests.swift */,
				49DA8924269EEA090011F9BA /* Info.plist */,
			);
			path = "PhoenixProfiles-StarterTests";
			sourceTree = "<group>";
		};
		49DA892C269EEA090011F9BA /* PhoenixProfiles-StarterUITests */ = {
			isa = PBXGroup;
			children = (
				49DA892D269EEA090011F9BA /* PhoenixProfiles_StarterUITests.swift */,
				49DA892F269EEA090011F9BA /* Info.plist */,
			);
			path = "PhoenixProfiles-StarterUITests";
			sourceTree = "<group>";
		};
		49DA893E269EEA550011F9BA /* Supporting files */ = {
			isa = PBXGroup;
			children = (
				49DA890B269EEA050011F9BA /* AppDelegate.swift */,
				49DA890D269EEA050011F9BA /* SceneDelegate.swift */,
			);
			path = "Supporting files";
			sourceTree = "<group>";
		};
		49DA893F269EEA620011F9BA /* Controllers */ = {
			isa = PBXGroup;
			children = (
				49DA890F269EEA050011F9BA /* DetailViewController.swift */,
				49DA894C269EEB1E0011F9BA /* ProfilesTableViewController.swift */,
			);
			path = Controllers;
			sourceTree = "<group>";
		};
		49DA8943269EEA6B0011F9BA /* VIews */ = {
			isa = PBXGroup;
			children = (
				49DA8911269EEA050011F9BA /* Main.storyboard */,
				49DA8914269EEA090011F9BA /* Assets.xcassets */,
				49DA8916269EEA090011F9BA /* LaunchScreen.storyboard */,
			);
			path = VIews;
			sourceTree = "<group>";
		};
		49DA8944269EEA750011F9BA /* Models */ = {
			isa = PBXGroup;
			children = (
				49DA8945269EEA8A0011F9BA /* Student.swift */,
				49DA8946269EEA8A0011F9BA /* StudentData.swift */,
			);
			path = Models;
			sourceTree = "<group>";
		};
/* End PBXGroup section */

/* Begin PBXNativeTarget section */
		49DA8907269EEA050011F9BA /* PhoenixProfiles-Starter */ = {
			isa = PBXNativeTarget;
			buildConfigurationList = 49DA8932269EEA090011F9BA /* Build configuration list for PBXNativeTarget "PhoenixProfiles-Starter" */;
			buildPhases = (
				49DA8904269EEA050011F9BA /* Sources */,
				49DA8905269EEA050011F9BA /* Frameworks */,
				49DA8906269EEA050011F9BA /* Resources */,
			);
			buildRules = (
			);
			dependencies = (
			);
			name = "PhoenixProfiles-Starter";
			productName = "PhoenixProfiles-Starter";
			productReference = 49DA8908269EEA050011F9BA /* PhoenixProfiles-Starter.app */;
			productType = "com.apple.product-type.application";
		};
		49DA891D269EEA090011F9BA /* PhoenixProfiles-StarterTests */ = {
			isa = PBXNativeTarget;
			buildConfigurationList = 49DA8935269EEA090011F9BA /* Build configuration list for PBXNativeTarget "PhoenixProfiles-StarterTests" */;
			buildPhases = (
				49DA891A269EEA090011F9BA /* Sources */,
				49DA891B269EEA090011F9BA /* Frameworks */,
				49DA891C269EEA090011F9BA /* Resources */,
			);
			buildRules = (
			);
			dependencies = (
				49DA8920269EEA090011F9BA /* PBXTargetDependency */,
			);
			name = "PhoenixProfiles-StarterTests";
			productName = "PhoenixProfiles-StarterTests";
			productReference = 49DA891E269EEA090011F9BA /* PhoenixProfiles-StarterTests.xctest */;
			productType = "com.apple.product-type.bundle.unit-test";
		};
		49DA8928269EEA090011F9BA /* PhoenixProfiles-StarterUITests */ = {
			isa = PBXNativeTarget;
			buildConfigurationList = 49DA8938269EEA090011F9BA /* Build configuration list for PBXNativeTarget "PhoenixProfiles-StarterUITests" */;
			buildPhases = (
				49DA8925269EEA090011F9BA /* Sources */,
				49DA8926269EEA090011F9BA /* Frameworks */,
				49DA8927269EEA090011F9BA /* Resources */,
			);
			buildRules = (
			);
			dependencies = (
				49DA892B269EEA090011F9BA /* PBXTargetDependency */,
			);
			name = "PhoenixProfiles-StarterUITests";
			productName = "PhoenixProfiles-StarterUITests";
			productReference = 49DA8929269EEA090011F9BA /* PhoenixProfiles-StarterUITests.xctest */;
			productType = "com.apple.product-type.bundle.ui-testing";
		};
/* End PBXNativeTarget section */

/* Begin PBXProject section */
		49DA8900269EEA050011F9BA /* Project object */ = {
			isa = PBXProject;
			attributes = {
				LastSwiftUpdateCheck = 1240;
				LastUpgradeCheck = 1240;
				TargetAttributes = {
					49DA8907269EEA050011F9BA = {
						CreatedOnToolsVersion = 12.4;
					};
					49DA891D269EEA090011F9BA = {
						CreatedOnToolsVersion = 12.4;
						TestTargetID = 49DA8907269EEA050011F9BA;
					};
					49DA8928269EEA090011F9BA = {
						CreatedOnToolsVersion = 12.4;
						TestTargetID = 49DA8907269EEA050011F9BA;
					};
				};
			};
			buildConfigurationList = 49DA8903269EEA050011F9BA /* Build configuration list for PBXProject "PhoenixProfiles-Starter" */;
			compatibilityVersion = "Xcode 9.3";
			developmentRegion = en;
			hasScannedForEncodings = 0;
			knownRegions = (
				en,
				Base,
			);
			mainGroup = 49DA88FF269EEA050011F9BA;
			productRefGroup = 49DA8909269EEA050011F9BA /* Products */;
			projectDirPath = "";
			projectRoot = "";
			targets = (
				49DA8907269EEA050011F9BA /* PhoenixProfiles-Starter */,
				49DA891D269EEA090011F9BA /* PhoenixProfiles-StarterTests */,
				49DA8928269EEA090011F9BA /* PhoenixProfiles-StarterUITests */,
			);
		};
/* End PBXProject section */

/* Begin PBXResourcesBuildPhase section */
		49DA8906269EEA050011F9BA /* Resources */ = {
			isa = PBXResourcesBuildPhase;
			buildActionMask = 2147483647;
			files = (
				49DA8918269EEA090011F9BA /* LaunchScreen.storyboard in Resources */,
				49DA8915269EEA090011F9BA /* Assets.xcassets in Resources */,
				49DA8913269EEA050011F9BA /* Main.storyboard in Resources */,
			);
			runOnlyForDeploymentPostprocessing = 0;
		};
		49DA891C269EEA090011F9BA /* Resources */ = {
			isa = PBXResourcesBuildPhase;
			buildActionMask = 2147483647;
			files = (
			);
			runOnlyForDeploymentPostprocessing = 0;
		};
		49DA8927269EEA090011F9BA /* Resources */ = {
			isa = PBXResourcesBuildPhase;
			buildActionMask = 2147483647;
			files = (
			);
			runOnlyForDeploymentPostprocessing = 0;
		};
/* End PBXResourcesBuildPhase section */

/* Begin PBXSourcesBuildPhase section */
		49DA8904269EEA050011F9BA /* Sources */ = {
			isa = PBXSourcesBuildPhase;
			buildActionMask = 2147483647;
			files = (
				49DA8910269EEA050011F9BA /* DetailViewController.swift in Sources */,
				49DA890C269EEA050011F9BA /* AppDelegate.swift in Sources */,
				49DA890E269EEA050011F9BA /* SceneDelegate.swift in Sources */,
				49DA8947269EEA8A0011F9BA /* Student.swift in Sources */,
				49DA8948269EEA8A0011F9BA /* StudentData.swift in Sources */,
				49DA894D269EEB1E0011F9BA /* ProfilesTableViewController.swift in Sources */,
			);
			runOnlyForDeploymentPostprocessing = 0;
		};
		49DA891A269EEA090011F9BA /* Sources */ = {
			isa = PBXSourcesBuildPhase;
			buildActionMask = 2147483647;
			files = (
				49DA8923269EEA090011F9BA /* PhoenixProfiles_StarterTests.swift in Sources */,
			);
			runOnlyForDeploymentPostprocessing = 0;
		};
		49DA8925269EEA090011F9BA /* Sources */ = {
			isa = PBXSourcesBuildPhase;
			buildActionMask = 2147483647;
			files = (
				49DA892E269EEA090011F9BA /* PhoenixProfiles_StarterUITests.swift in Sources */,
			);
			runOnlyForDeploymentPostprocessing = 0;
		};
/* End PBXSourcesBuildPhase section */

/* Begin PBXTargetDependency section */
		49DA8920269EEA090011F9BA /* PBXTargetDependency */ = {
			isa = PBXTargetDependency;
			target = 49DA8907269EEA050011F9BA /* PhoenixProfiles-Starter */;
			targetProxy = 49DA891F269EEA090011F9BA /* PBXContainerItemProxy */;
		};
		49DA892B269EEA090011F9BA /* PBXTargetDependency */ = {
			isa = PBXTargetDependency;
			target = 49DA8907269EEA050011F9BA /* PhoenixProfiles-Starter */;
			targetProxy = 49DA892A269EEA090011F9BA /* PBXContainerItemProxy */;
		};
/* End PBXTargetDependency section */

/* Begin PBXVariantGroup section */
		49DA8911269EEA050011F9BA /* Main.storyboard */ = {
			isa = PBXVariantGroup;
			children = (
				49DA8912269EEA050011F9BA /* Base */,
			);
			name = Main.storyboard;
			sourceTree = "<group>";
		};
		49DA8916269EEA090011F9BA /* LaunchScreen.storyboard */ = {
			isa = PBXVariantGroup;
			children = (
				49DA8917269EEA090011F9BA /* Base */,
			);
			name = LaunchScreen.storyboard;
			sourceTree = "<group>";
		};
/* End PBXVariantGroup section */

/* Begin XCBuildConfiguration section */
		49DA8930269EEA090011F9BA /* Debug */ = {
			isa = XCBuildConfiguration;
			buildSettings = {
				ALWAYS_SEARCH_USER_PATHS = NO;
				CLANG_ANALYZER_NONNULL = YES;
				CLANG_ANALYZER_NUMBER_OBJECT_CONVERSION = YES_AGGRESSIVE;
				CLANG_CXX_LANGUAGE_STANDARD = "gnu++14";
				CLANG_CXX_LIBRARY = "libc++";
				CLANG_ENABLE_MODULES = YES;
				CLANG_ENABLE_OBJC_ARC = YES;
				CLANG_ENABLE_OBJC_WEAK = YES;
				CLANG_WARN_BLOCK_CAPTURE_AUTORELEASING = YES;
				CLANG_WARN_BOOL_CONVERSION = YES;
				CLANG_WARN_COMMA = YES;
				CLANG_WARN_CONSTANT_CONVERSION = YES;
				CLANG_WARN_DEPRECATED_OBJC_IMPLEMENTATIONS = YES;
				CLANG_WARN_DIRECT_OBJC_ISA_USAGE = YES_ERROR;
				CLANG_WARN_DOCUMENTATION_COMMENTS = YES;
				CLANG_WARN_EMPTY_BODY = YES;
				CLANG_WARN_ENUM_CONVERSION = YES;
				CLANG_WARN_INFINITE_RECURSION = YES;
				CLANG_WARN_INT_CONVERSION = YES;
				CLANG_WARN_NON_LITERAL_NULL_CONVERSION = YES;
				CLANG_WARN_OBJC_IMPLICIT_RETAIN_SELF = YES;
				CLANG_WARN_OBJC_LITERAL_CONVERSION = YES;
				CLANG_WARN_OBJC_ROOT_CLASS = YES_ERROR;
				CLANG_WARN_QUOTED_INCLUDE_IN_FRAMEWORK_HEADER = YES;
				CLANG_WARN_RANGE_LOOP_ANALYSIS = YES;
				CLANG_WARN_STRICT_PROTOTYPES = YES;
				CLANG_WARN_SUSPICIOUS_MOVE = YES;
				CLANG_WARN_UNGUARDED_AVAILABILITY = YES_AGGRESSIVE;
				CLANG_WARN_UNREACHABLE_CODE = YES;
				CLANG_WARN__DUPLICATE_METHOD_MATCH = YES;
				COPY_PHASE_STRIP = NO;
				DEBUG_INFORMATION_FORMAT = dwarf;
				ENABLE_STRICT_OBJC_MSGSEND = YES;
				ENABLE_TESTABILITY = YES;
				GCC_C_LANGUAGE_STANDARD = gnu11;
				GCC_DYNAMIC_NO_PIC = NO;
				GCC_NO_COMMON_BLOCKS = YES;
				GCC_OPTIMIZATION_LEVEL = 0;
				GCC_PREPROCESSOR_DEFINITIONS = (
					"DEBUG=1",
					"$(inherited)",
				);
				GCC_WARN_64_TO_32_BIT_CONVERSION = YES;
				GCC_WARN_ABOUT_RETURN_TYPE = YES_ERROR;
				GCC_WARN_UNDECLARED_SELECTOR = YES;
				GCC_WARN_UNINITIALIZED_AUTOS = YES_AGGRESSIVE;
				GCC_WARN_UNUSED_FUNCTION = YES;
				GCC_WARN_UNUSED_VARIABLE = YES;
				IPHONEOS_DEPLOYMENT_TARGET = 14.4;
				MTL_ENABLE_DEBUG_INFO = INCLUDE_SOURCE;
				MTL_FAST_MATH = YES;
				ONLY_ACTIVE_ARCH = YES;
				SDKROOT = iphoneos;
				SWIFT_ACTIVE_COMPILATION_CONDITIONS = DEBUG;
				SWIFT_OPTIMIZATION_LEVEL = "-Onone";
			};
			name = Debug;
		};
		49DA8931269EEA090011F9BA /* Release */ = {
			isa = XCBuildConfiguration;
			buildSettings = {
				ALWAYS_SEARCH_USER_PATHS = NO;
				CLANG_ANALYZER_NONNULL = YES;
				CLANG_ANALYZER_NUMBER_OBJECT_CONVERSION = YES_AGGRESSIVE;
				CLANG_CXX_LANGUAGE_STANDARD = "gnu++14";
				CLANG_CXX_LIBRARY = "libc++";
				CLANG_ENABLE_MODULES = YES;
				CLANG_ENABLE_OBJC_ARC = YES;
				CLANG_ENABLE_OBJC_WEAK = YES;
				CLANG_WARN_BLOCK_CAPTURE_AUTORELEASING = YES;
				CLANG_WARN_BOOL_CONVERSION = YES;
				CLANG_WARN_COMMA = YES;
				CLANG_WARN_CONSTANT_CONVERSION = YES;
				CLANG_WARN_DEPRECATED_OBJC_IMPLEMENTATIONS = YES;
				CLANG_WARN_DIRECT_OBJC_ISA_USAGE = YES_ERROR;
				CLANG_WARN_DOCUMENTATION_COMMENTS = YES;
				CLANG_WARN_EMPTY_BODY = YES;
				CLANG_WARN_ENUM_CONVERSION = YES;
				CLANG_WARN_INFINITE_RECURSION = YES;
				CLANG_WARN_INT_CONVERSION = YES;
				CLANG_WARN_NON_LITERAL_NULL_CONVERSION = YES;
				CLANG_WARN_OBJC_IMPLICIT_RETAIN_SELF = YES;
				CLANG_WARN_OBJC_LITERAL_CONVERSION = YES;
				CLANG_WARN_OBJC_ROOT_CLASS = YES_ERROR;
				CLANG_WARN_QUOTED_INCLUDE_IN_FRAMEWORK_HEADER = YES;
				CLANG_WARN_RANGE_LOOP_ANALYSIS = YES;
				CLANG_WARN_STRICT_PROTOTYPES = YES;
				CLANG_WARN_SUSPICIOUS_MOVE = YES;
				CLANG_WARN_UNGUARDED_AVAILABILITY = YES_AGGRESSIVE;
				CLANG_WARN_UNREACHABLE_CODE = YES;
				CLANG_WARN__DUPLICATE_METHOD_MATCH = YES;
				COPY_PHASE_STRIP = NO;
				DEBUG_INFORMATION_FORMAT = "dwarf-with-dsym";
				ENABLE_NS_ASSERTIONS = NO;
				ENABLE_STRICT_OBJC_MSGSEND = YES;
				GCC_C_LANGUAGE_STANDARD = gnu11;
				GCC_NO_COMMON_BLOCKS = YES;
				GCC_WARN_64_TO_32_BIT_CONVERSION = YES;
				GCC_WARN_ABOUT_RETURN_TYPE = YES_ERROR;
				GCC_WARN_UNDECLARED_SELECTOR = YES;
				GCC_WARN_UNINITIALIZED_AUTOS = YES_AGGRESSIVE;
				GCC_WARN_UNUSED_FUNCTION = YES;
				GCC_WARN_UNUSED_VARIABLE = YES;
				IPHONEOS_DEPLOYMENT_TARGET = 14.4;
				MTL_ENABLE_DEBUG_INFO = NO;
				MTL_FAST_MATH = YES;
				SDKROOT = iphoneos;
				SWIFT_COMPILATION_MODE = wholemodule;
				SWIFT_OPTIMIZATION_LEVEL = "-O";
				VALIDATE_PRODUCT = YES;
			};
			name = Release;
		};
		49DA8933269EEA090011F9BA /* Debug */ = {
			isa = XCBuildConfiguration;
			buildSettings = {
				ASSETCATALOG_COMPILER_APPICON_NAME = AppIcon;
				ASSETCATALOG_COMPILER_GLOBAL_ACCENT_COLOR_NAME = AccentColor;
				CODE_SIGN_STYLE = Automatic;
				DEVELOPMENT_TEAM = 54N7YNN2NY;
				INFOPLIST_FILE = "PhoenixProfiles-Starter/Info.plist";
				LD_RUNPATH_SEARCH_PATHS = (
					"$(inherited)",
					"@executable_path/Frameworks",
				);
				PRODUCT_BUNDLE_IDENTIFIER = "com.DerickX.PhoenixProfiles-Starter";
				PRODUCT_NAME = "$(TARGET_NAME)";
				SWIFT_VERSION = 5.0;
				TARGETED_DEVICE_FAMILY = "1,2";
			};
			name = Debug;
		};
		49DA8934269EEA090011F9BA /* Release */ = {
			isa = XCBuildConfiguration;
			buildSettings = {
				ASSETCATALOG_COMPILER_APPICON_NAME = AppIcon;
				ASSETCATALOG_COMPILER_GLOBAL_ACCENT_COLOR_NAME = AccentColor;
				CODE_SIGN_STYLE = Automatic;
				DEVELOPMENT_TEAM = 54N7YNN2NY;
				INFOPLIST_FILE = "PhoenixProfiles-Starter/Info.plist";
				LD_RUNPATH_SEARCH_PATHS = (
					"$(inherited)",
					"@executable_path/Frameworks",
				);
				PRODUCT_BUNDLE_IDENTIFIER = "com.DerickX.PhoenixProfiles-Starter";
				PRODUCT_NAME = "$(TARGET_NAME)";
				SWIFT_VERSION = 5.0;
				TARGETED_DEVICE_FAMILY = "1,2";
			};
			name = Release;
		};
		49DA8936269EEA090011F9BA /* Debug */ = {
			isa = XCBuildConfiguration;
			buildSettings = {
				ALWAYS_EMBED_SWIFT_STANDARD_LIBRARIES = YES;
				BUNDLE_LOADER = "$(TEST_HOST)";
				CODE_SIGN_STYLE = Automatic;
				DEVELOPMENT_TEAM = 54N7YNN2NY;
				INFOPLIST_FILE = "PhoenixProfiles-StarterTests/Info.plist";
				IPHONEOS_DEPLOYMENT_TARGET = 14.4;
				LD_RUNPATH_SEARCH_PATHS = (
					"$(inherited)",
					"@executable_path/Frameworks",
					"@loader_path/Frameworks",
				);
				PRODUCT_BUNDLE_IDENTIFIER = "com.DerickX.PhoenixProfiles-StarterTests";
				PRODUCT_NAME = "$(TARGET_NAME)";
				SWIFT_VERSION = 5.0;
				TARGETED_DEVICE_FAMILY = "1,2";
				TEST_HOST = "$(BUILT_PRODUCTS_DIR)/PhoenixProfiles-Starter.app/PhoenixProfiles-Starter";
			};
			name = Debug;
		};
		49DA8937269EEA090011F9BA /* Release */ = {
			isa = XCBuildConfiguration;
			buildSettings = {
				ALWAYS_EMBED_SWIFT_STANDARD_LIBRARIES = YES;
				BUNDLE_LOADER = "$(TEST_HOST)";
				CODE_SIGN_STYLE = Automatic;
				DEVELOPMENT_TEAM = 54N7YNN2NY;
				INFOPLIST_FILE = "PhoenixProfiles-StarterTests/Info.plist";
				IPHONEOS_DEPLOYMENT_TARGET = 14.4;
				LD_RUNPATH_SEARCH_PATHS = (
					"$(inherited)",
					"@executable_path/Frameworks",
					"@loader_path/Frameworks",
				);
				PRODUCT_BUNDLE_IDENTIFIER = "com.DerickX.PhoenixProfiles-StarterTests";
				PRODUCT_NAME = "$(TARGET_NAME)";
				SWIFT_VERSION = 5.0;
				TARGETED_DEVICE_FAMILY = "1,2";
				TEST_HOST = "$(BUILT_PRODUCTS_DIR)/PhoenixProfiles-Starter.app/PhoenixProfiles-Starter";
			};
			name = Release;
		};
		49DA8939269EEA090011F9BA /* Debug */ = {
			isa = XCBuildConfiguration;
			buildSettings = {
				ALWAYS_EMBED_SWIFT_STANDARD_LIBRARIES = YES;
				CODE_SIGN_STYLE = Automatic;
				DEVELOPMENT_TEAM = 54N7YNN2NY;
				INFOPLIST_FILE = "PhoenixProfiles-StarterUITests/Info.plist";
				LD_RUNPATH_SEARCH_PATHS = (
					"$(inherited)",
					"@executable_path/Frameworks",
					"@loader_path/Frameworks",
				);
				PRODUCT_BUNDLE_IDENTIFIER = "com.DerickX.PhoenixProfiles-StarterUITests";
				PRODUCT_NAME = "$(TARGET_NAME)";
				SWIFT_VERSION = 5.0;
				TARGETED_DEVICE_FAMILY = "1,2";
				TEST_TARGET_NAME = "PhoenixProfiles-Starter";
			};
			name = Debug;
		};
		49DA893A269EEA090011F9BA /* Release */ = {
			isa = XCBuildConfiguration;
			buildSettings = {
				ALWAYS_EMBED_SWIFT_STANDARD_LIBRARIES = YES;
				CODE_SIGN_STYLE = Automatic;
				DEVELOPMENT_TEAM = 54N7YNN2NY;
				INFOPLIST_FILE = "PhoenixProfiles-StarterUITests/Info.plist";
				LD_RUNPATH_SEARCH_PATHS = (
					"$(inherited)",
					"@executable_path/Frameworks",
					"@loader_path/Frameworks",
				);
				PRODUCT_BUNDLE_IDENTIFIER = "com.DerickX.PhoenixProfiles-StarterUITests";
				PRODUCT_NAME = "$(TARGET_NAME)";
				SWIFT_VERSION = 5.0;
				TARGETED_DEVICE_FAMILY = "1,2";
				TEST_TARGET_NAME = "PhoenixProfiles-Starter";
			};
			name = Release;
		};
/* End XCBuildConfiguration section */

/* Begin XCConfigurationList section */
		49DA8903269EEA050011F9BA /* Build configuration list for PBXProject "PhoenixProfiles-Starter" */ = {
			isa = XCConfigurationList;
			buildConfigurations = (
				49DA8930269EEA090011F9BA /* Debug */,
				49DA8931269EEA090011F9BA /* Release */,
			);
			defaultConfigurationIsVisible = 0;
			defaultConfigurationName = Release;
		};
		49DA8932269EEA090011F9BA /* Build configuration list for PBXNativeTarget "PhoenixProfiles-Starter" */ = {
			isa = XCConfigurationList;
			buildConfigurations = (
				49DA8933269EEA090011F9BA /* Debug */,
				49DA8934269EEA090011F9BA /* Release */,
			);
			defaultConfigurationIsVisible = 0;
			defaultConfigurationName = Release;
		};
		49DA8935269EEA090011F9BA /* Build configuration list for PBXNativeTarget "PhoenixProfiles-StarterTests" */ = {
			isa = XCConfigurationList;
			buildConfigurations = (
				49DA8936269EEA090011F9BA /* Debug */,
				49DA8937269EEA090011F9BA /* Release */,
			);
			defaultConfigurationIsVisible = 0;
			defaultConfigurationName = Release;
		};
		49DA8938269EEA090011F9BA /* Build configuration list for PBXNativeTarget "PhoenixProfiles-StarterUITests" */ = {
			isa = XCConfigurationList;
			buildConfigurations = (
				49DA8939269EEA090011F9BA /* Debug */,
				49DA893A269EEA090011F9BA /* Release */,
			);
			defaultConfigurationIsVisible = 0;
			defaultConfigurationName = Release;
		};
/* End XCConfigurationList section */
	};
	rootObject = 49DA8900269EEA050011F9BA /* Project object */;
}
